{
  "name": "@dansmaculotte/nuxt-security",
  "version": "0.0.1-0",
  "lockfileVersion": 1,
  "requires": true,
  "dependencies": {
    "feature-policy": {
      "version": "github:miguel-a-calles-mba/feature-policy#99d1f08d740685891506f30c7847025ed622cc31",
      "from": "github:miguel-a-calles-mba/feature-policy"
    }
  }
}
